
Microsoft Visual Studio Solution File, Format Version 12.00
# Visual Studio Version 17
VisualStudioVersion = 17.10.35122.118
MinimumVisualStudioVersion = 10.0.40219.1
Project("{FAE04EC0-301F-11D3-BF4B-00C04F79EFBC}") = "Assessment3", "ConsoleApp1\Assessment3.csproj", "{01C17488-9BBC-467D-97F2-A85C1C4170E8}"
EndProject
Global
	GlobalSection(SolutionConfigurationPlatforms) = preSolution
		Debug|Any CPU = Debug|Any CPU
		Release|Any CPU = Release|Any CPU
	EndGlobalSection
	GlobalSection(ProjectConfigurationPlatforms) = postSolution
		{01C17488-9BBC-467D-97F2-A85C1C4170E8}.Debug|Any CPU.ActiveCfg = Debug|Any CPU
		{01C17488-9BBC-467D-97F2-A85C1C4170E8}.Debug|Any CPU.Build.0 = Debug|Any CPU
		{01C17488-9BBC-467D-97F2-A85C1C4170E8}.Release|Any CPU.ActiveCfg = Release|Any CPU
		{01C17488-9BBC-467D-97F2-A85C1C4170E8}.Release|Any CPU.Build.0 = Release|Any CPU
	EndGlobalSection
	GlobalSection(SolutionProperties) = preSolution
		HideSolutionNode = FALSE
	EndGlobalSection
	GlobalSection(ExtensibilityGlobals) = postSolution
		SolutionGuid = {29DD3FC5-0FE9-4951-8B7D-B44A5D34BA13}
	EndGlobalSection
EndGlobal
